
Microsoft Visual Studio Solution File, Format Version 12.00
# Visual Studio Version 16
VisualStudioVersion = 16.0.31205.134
MinimumVisualStudioVersion = 10.0.40219.1
Project("{9A19103F-16F7-4668-BE54-9A1E7A4F7556}") = "SvcPrinMan", "SvcPrinMan.csproj", "{1A291CEC-3824-4957-8677-502FD6EC30D5}"
EndProject
Project("{FAE04EC0-301F-11D3-BF4B-00C04F79EFBC}") = "SPRbacTestApp", "..\SPRbacTestApp\SPRbacTestApp.csproj", "{7547973A-103C-4591-9A0B-628A7AECF497}"
EndProject
Global
	GlobalSection(SolutionConfigurationPlatforms) = preSolution
		Debug|Any CPU = Debug|Any CPU
		Release|Any CPU = Release|Any CPU
	EndGlobalSection
	GlobalSection(ProjectConfigurationPlatforms) = postSolution
		{1A291CEC-3824-4957-8677-502FD6EC30D5}.Debug|Any CPU.ActiveCfg = Debug|Any CPU
		{1A291CEC-3824-4957-8677-502FD6EC30D5}.Debug|Any CPU.Build.0 = Debug|Any CPU
		{1A291CEC-3824-4957-8677-502FD6EC30D5}.Release|Any CPU.ActiveCfg = Release|Any CPU
		{1A291CEC-3824-4957-8677-502FD6EC30D5}.Release|Any CPU.Build.0 = Release|Any CPU
		{7547973A-103C-4591-9A0B-628A7AECF497}.Debug|Any CPU.ActiveCfg = Debug|Any CPU
		{7547973A-103C-4591-9A0B-628A7AECF497}.Debug|Any CPU.Build.0 = Debug|Any CPU
		{7547973A-103C-4591-9A0B-628A7AECF497}.Release|Any CPU.ActiveCfg = Release|Any CPU
		{7547973A-103C-4591-9A0B-628A7AECF497}.Release|Any CPU.Build.0 = Release|Any CPU
	EndGlobalSection
	GlobalSection(SolutionProperties) = preSolution
		HideSolutionNode = FALSE
	EndGlobalSection
	GlobalSection(ExtensibilityGlobals) = postSolution
		SolutionGuid = {BACB12CE-D626-404D-B8AF-BEA457316878}
	EndGlobalSection
EndGlobal
